
Microsoft Visual Studio Solution File, Format Version 12.00
# Visual Studio Version 17
VisualStudioVersion = 17.7.34009.444
MinimumVisualStudioVersion = 10.0.40219.1
Project("{FAE04EC0-301F-11D3-BF4B-00C04F79EFBC}") = "Library_Management_System_C", "Library_Management_System_C\Library_Management_System_C.csproj", "{250B465A-9AE6-45D2-A0BE-E40297AB3973}"
EndProject
Global
	GlobalSection(SolutionConfigurationPlatforms) = preSolution
		Debug|Any CPU = Debug|Any CPU
		Release|Any CPU = Release|Any CPU
	EndGlobalSection
	GlobalSection(ProjectConfigurationPlatforms) = postSolution
		{250B465A-9AE6-45D2-A0BE-E40297AB3973}.Debug|Any CPU.ActiveCfg = Debug|Any CPU
		{250B465A-9AE6-45D2-A0BE-E40297AB3973}.Debug|Any CPU.Build.0 = Debug|Any CPU
		{250B465A-9AE6-45D2-A0BE-E40297AB3973}.Release|Any CPU.ActiveCfg = Release|Any CPU
		{250B465A-9AE6-45D2-A0BE-E40297AB3973}.Release|Any CPU.Build.0 = Release|Any CPU
	EndGlobalSection
	GlobalSection(SolutionProperties) = preSolution
		HideSolutionNode = FALSE
	EndGlobalSection
	GlobalSection(ExtensibilityGlobals) = postSolution
		SolutionGuid = {8F0FE78E-0874-4AFB-BEB0-5A2E4EC6340B}
	EndGlobalSection
EndGlobal
